
Microsoft Visual Studio Solution File, Format Version 12.00
# Visual Studio 15
VisualStudioVersion = 15.0.26430.16
MinimumVisualStudioVersion = 10.0.40219.1
Project("{FAE04EC0-301F-11D3-BF4B-00C04F79EFBC}") = "Crutch", "src\Crutch\Crutch.csproj", "{8FEE2235-903F-46AD-A310-3A4D26BB077B}"
EndProject
Project("{FAE04EC0-301F-11D3-BF4B-00C04F79EFBC}") = "Crutch.Test", "src\Crutch.Test\Crutch.Test.csproj", "{140FD90E-498C-4A4B-AE07-AFBAB5D35D79}"
EndProject
Project("{FAE04EC0-301F-11D3-BF4B-00C04F79EFBC}") = "Crutch.Vsix", "src\Crutch.Vsix\Crutch.Vsix.csproj", "{DD5D7E32-BFAD-4392-B06F-10706D4772F8}"
EndProject
Global
	GlobalSection(SolutionConfigurationPlatforms) = preSolution
		Debug|Any CPU = Debug|Any CPU
		Release|Any CPU = Release|Any CPU
	EndGlobalSection
	GlobalSection(ProjectConfigurationPlatforms) = postSolution
		{8FEE2235-903F-46AD-A310-3A4D26BB077B}.Debug|Any CPU.ActiveCfg = Debug|Any CPU
		{8FEE2235-903F-46AD-A310-3A4D26BB077B}.Debug|Any CPU.Build.0 = Debug|Any CPU
		{8FEE2235-903F-46AD-A310-3A4D26BB077B}.Release|Any CPU.ActiveCfg = Release|Any CPU
		{8FEE2235-903F-46AD-A310-3A4D26BB077B}.Release|Any CPU.Build.0 = Release|Any CPU
		{140FD90E-498C-4A4B-AE07-AFBAB5D35D79}.Debug|Any CPU.ActiveCfg = Debug|Any CPU
		{140FD90E-498C-4A4B-AE07-AFBAB5D35D79}.Debug|Any CPU.Build.0 = Debug|Any CPU
		{140FD90E-498C-4A4B-AE07-AFBAB5D35D79}.Release|Any CPU.ActiveCfg = Release|Any CPU
		{140FD90E-498C-4A4B-AE07-AFBAB5D35D79}.Release|Any CPU.Build.0 = Release|Any CPU
		{DD5D7E32-BFAD-4392-B06F-10706D4772F8}.Debug|Any CPU.ActiveCfg = Debug|Any CPU
		{DD5D7E32-BFAD-4392-B06F-10706D4772F8}.Debug|Any CPU.Build.0 = Debug|Any CPU
		{DD5D7E32-BFAD-4392-B06F-10706D4772F8}.Release|Any CPU.ActiveCfg = Release|Any CPU
		{DD5D7E32-BFAD-4392-B06F-10706D4772F8}.Release|Any CPU.Build.0 = Release|Any CPU
	EndGlobalSection
	GlobalSection(SolutionProperties) = preSolution
		HideSolutionNode = FALSE
	EndGlobalSection
EndGlobal
